
Microsoft Visual Studio Solution File, Format Version 12.00
# Visual Studio Version 16
VisualStudioVersion = 16.0.29609.76
MinimumVisualStudioVersion = 10.0.40219.1
Project("{FAE04EC0-301F-11D3-BF4B-00C04F79EFBC}") = "Shp.Entities", "Shp.Entities\Shp.Entities.csproj", "{7170F7DE-C403-4737-A8B4-78298964FAB9}"
EndProject
Project("{FAE04EC0-301F-11D3-BF4B-00C04F79EFBC}") = "Shp.DataAccess", "Shp.DataAccess\Shp.DataAccess.csproj", "{EE0C123B-5969-4AED-9213-33C7BE57F84A}"
EndProject
Project("{FAE04EC0-301F-11D3-BF4B-00C04F79EFBC}") = "Shp.Business", "Shp.Business\Shp.Business.csproj", "{DBC030A6-1CE2-475C-BF24-951008B6ECB1}"
EndProject
Project("{FAE04EC0-301F-11D3-BF4B-00C04F79EFBC}") = "Shp.Core", "Shp.Core\Shp.Core.csproj", "{C8621010-8A83-48EC-92B0-6BBAC8593DC8}"
EndProject
Project("{FAE04EC0-301F-11D3-BF4B-00C04F79EFBC}") = "Shp.WebApi", "Shp.WebApi\Shp.WebApi.csproj", "{3DA0CE0A-CAA3-485F-A79E-9301DB5B4618}"
EndProject
Global
	GlobalSection(SolutionConfigurationPlatforms) = preSolution
		Debug|Any CPU = Debug|Any CPU
		Release|Any CPU = Release|Any CPU
	EndGlobalSection
	GlobalSection(ProjectConfigurationPlatforms) = postSolution
		{7170F7DE-C403-4737-A8B4-78298964FAB9}.Debug|Any CPU.ActiveCfg = Debug|Any CPU
		{7170F7DE-C403-4737-A8B4-78298964FAB9}.Debug|Any CPU.Build.0 = Debug|Any CPU
		{7170F7DE-C403-4737-A8B4-78298964FAB9}.Release|Any CPU.ActiveCfg = Release|Any CPU
		{7170F7DE-C403-4737-A8B4-78298964FAB9}.Release|Any CPU.Build.0 = Release|Any CPU
		{EE0C123B-5969-4AED-9213-33C7BE57F84A}.Debug|Any CPU.ActiveCfg = Debug|Any CPU
		{EE0C123B-5969-4AED-9213-33C7BE57F84A}.Debug|Any CPU.Build.0 = Debug|Any CPU
		{EE0C123B-5969-4AED-9213-33C7BE57F84A}.Release|Any CPU.ActiveCfg = Release|Any CPU
		{EE0C123B-5969-4AED-9213-33C7BE57F84A}.Release|Any CPU.Build.0 = Release|Any CPU
		{DBC030A6-1CE2-475C-BF24-951008B6ECB1}.Debug|Any CPU.ActiveCfg = Debug|Any CPU
		{DBC030A6-1CE2-475C-BF24-951008B6ECB1}.Debug|Any CPU.Build.0 = Debug|Any CPU
		{DBC030A6-1CE2-475C-BF24-951008B6ECB1}.Release|Any CPU.ActiveCfg = Release|Any CPU
		{DBC030A6-1CE2-475C-BF24-951008B6ECB1}.Release|Any CPU.Build.0 = Release|Any CPU
		{C8621010-8A83-48EC-92B0-6BBAC8593DC8}.Debug|Any CPU.ActiveCfg = Debug|Any CPU
		{C8621010-8A83-48EC-92B0-6BBAC8593DC8}.Debug|Any CPU.Build.0 = Debug|Any CPU
		{C8621010-8A83-48EC-92B0-6BBAC8593DC8}.Release|Any CPU.ActiveCfg = Release|Any CPU
		{C8621010-8A83-48EC-92B0-6BBAC8593DC8}.Release|Any CPU.Build.0 = Release|Any CPU
		{3DA0CE0A-CAA3-485F-A79E-9301DB5B4618}.Debug|Any CPU.ActiveCfg = Debug|Any CPU
		{3DA0CE0A-CAA3-485F-A79E-9301DB5B4618}.Debug|Any CPU.Build.0 = Debug|Any CPU
		{3DA0CE0A-CAA3-485F-A79E-9301DB5B4618}.Release|Any CPU.ActiveCfg = Release|Any CPU
		{3DA0CE0A-CAA3-485F-A79E-9301DB5B4618}.Release|Any CPU.Build.0 = Release|Any CPU
	EndGlobalSection
	GlobalSection(SolutionProperties) = preSolution
		HideSolutionNode = FALSE
	EndGlobalSection
	GlobalSection(ExtensibilityGlobals) = postSolution
		SolutionGuid = {56528CD8-728F-40EF-AF4B-45C8643D40B2}
	EndGlobalSection
EndGlobal
